// !$*UTF8*$!
{
	archiveVersion = 1;
	classes = {
	};
	objectVersion = 51;
	objects = {

/* Begin PBXBuildFile section */
		40269B5A22572C7400AAE219 /* CityAreaVC.swift in Sources */ = {isa = PBXBuildFile; fileRef = 40269B5922572C7400AAE219 /* CityAreaVC.swift */; };
		4029E711222981200074492C /* RatingVC.swift in Sources */ = {isa = PBXBuildFile; fileRef = 4029E710222981200074492C /* RatingVC.swift */; };
		4029E715222985B00074492C /* RatingCell.swift in Sources */ = {isa = PBXBuildFile; fileRef = 4029E714222985B00074492C /* RatingCell.swift */; };
		4041B6A3226EEF3A00595BA4 /* ViewOrderItemsVC.swift in Sources */ = {isa = PBXBuildFile; fileRef = 4041B6A2226EEF3A00595BA4 /* ViewOrderItemsVC.swift */; };
		4049DA3F2230FEF0000E3B55 /* PickUpConformation.swift in Sources */ = {isa = PBXBuildFile; fileRef = 4049DA3E2230FEF0000E3B55 /* PickUpConformation.swift */; };
		4049DA412231065D000E3B55 /* YPDrawSignatureView.swift in Sources */ = {isa = PBXBuildFile; fileRef = 4049DA402231065D000E3B55 /* YPDrawSignatureView.swift */; };
		404D651F2227CCC500404AAC /* ForgotPassVC.swift in Sources */ = {isa = PBXBuildFile; fileRef = 404D651E2227CCC500404AAC /* ForgotPassVC.swift */; };
		404D65222227D26100404AAC /* ResetPassVC.swift in Sources */ = {isa = PBXBuildFile; fileRef = 404D65202227D26000404AAC /* ResetPassVC.swift */; };
		404D65232227D26100404AAC /* VerfiyOTP.swift in Sources */ = {isa = PBXBuildFile; fileRef = 404D65212227D26000404AAC /* VerfiyOTP.swift */; };
		404D65272227FBFB00404AAC /* Home.swift in Sources */ = {isa = PBXBuildFile; fileRef = 404D65262227FBFB00404AAC /* Home.swift */; };
		404D65292228003D00404AAC /* api.json in Resources */ = {isa = PBXBuildFile; fileRef = 404D65282228003C00404AAC /* api.json */; };
		405505A4222418F200456FC8 /* HomeVC.swift in Sources */ = {isa = PBXBuildFile; fileRef = 405505A3222418F200456FC8 /* HomeVC.swift */; };
		405505A622241FC800456FC8 /* NewVC.swift in Sources */ = {isa = PBXBuildFile; fileRef = 405505A522241FC800456FC8 /* NewVC.swift */; };
		405505A822241FD900456FC8 /* AssignVC.swift in Sources */ = {isa = PBXBuildFile; fileRef = 405505A722241FD900456FC8 /* AssignVC.swift */; };
		405505AA22241FE800456FC8 /* CompletedVC.swift in Sources */ = {isa = PBXBuildFile; fileRef = 405505A922241FE800456FC8 /* CompletedVC.swift */; };
		405505AD222428D100456FC8 /* OrderCell.swift in Sources */ = {isa = PBXBuildFile; fileRef = 405505AB222428D100456FC8 /* OrderCell.swift */; };
		405505AE222428D100456FC8 /* OrderCell.xib in Resources */ = {isa = PBXBuildFile; fileRef = 405505AC222428D100456FC8 /* OrderCell.xib */; };
		405B39C8224123DC00F4A8B0 /* Help.storyboard in Resources */ = {isa = PBXBuildFile; fileRef = 405B39C7224123DC00F4A8B0 /* Help.storyboard */; };
		405B39D02241240700F4A8B0 /* HelpVC.swift in Sources */ = {isa = PBXBuildFile; fileRef = 405B39C92241240400F4A8B0 /* HelpVC.swift */; };
		405B39D12241240700F4A8B0 /* FeedBackVC.swift in Sources */ = {isa = PBXBuildFile; fileRef = 405B39CA2241240500F4A8B0 /* FeedBackVC.swift */; };
		405B39D22241240700F4A8B0 /* TermVC.swift in Sources */ = {isa = PBXBuildFile; fileRef = 405B39CB2241240500F4A8B0 /* TermVC.swift */; };
		405B39D32241240700F4A8B0 /* FAQVC.swift in Sources */ = {isa = PBXBuildFile; fileRef = 405B39CC2241240600F4A8B0 /* FAQVC.swift */; };
		405B39D42241240700F4A8B0 /* ContactUs.swift in Sources */ = {isa = PBXBuildFile; fileRef = 405B39CD2241240600F4A8B0 /* ContactUs.swift */; };
		405B39D52241240700F4A8B0 /* PaymentVC.swift in Sources */ = {isa = PBXBuildFile; fileRef = 405B39CE2241240600F4A8B0 /* PaymentVC.swift */; };
		405B39D62241240700F4A8B0 /* AboutUsVC.swift in Sources */ = {isa = PBXBuildFile; fileRef = 405B39CF2241240700F4A8B0 /* AboutUsVC.swift */; };
		409562912223E2B900A9290F /* AppDelegate.swift in Sources */ = {isa = PBXBuildFile; fileRef = 409562902223E2B900A9290F /* AppDelegate.swift */; };
		409562932223E2B900A9290F /* ViewController.swift in Sources */ = {isa = PBXBuildFile; fileRef = 409562922223E2B900A9290F /* ViewController.swift */; };
		409562962223E2B900A9290F /* Main.storyboard in Resources */ = {isa = PBXBuildFile; fileRef = 409562942223E2B900A9290F /* Main.storyboard */; };
		4095629B2223E2BC00A9290F /* LaunchScreen.storyboard in Resources */ = {isa = PBXBuildFile; fileRef = 409562992223E2BC00A9290F /* LaunchScreen.storyboard */; };
		409562A32223E44F00A9290F /* README.md in Resources */ = {isa = PBXBuildFile; fileRef = 409562A22223E44F00A9290F /* README.md */; };
		409562AF2223ED3900A9290F /* Gilroy-Medium.otf in Resources */ = {isa = PBXBuildFile; fileRef = 409562A52223ED3800A9290F /* Gilroy-Medium.otf */; };
		409562B02223ED3900A9290F /* Gilroy-Black.otf in Resources */ = {isa = PBXBuildFile; fileRef = 409562A62223ED3800A9290F /* Gilroy-Black.otf */; };
		409562B12223ED3900A9290F /* Gilroy-Heavy.otf in Resources */ = {isa = PBXBuildFile; fileRef = 409562A72223ED3800A9290F /* Gilroy-Heavy.otf */; };
		409562B22223ED3900A9290F /* Gilroy-ExtraBold.otf in Resources */ = {isa = PBXBuildFile; fileRef = 409562A82223ED3800A9290F /* Gilroy-ExtraBold.otf */; };
		409562B32223ED3900A9290F /* Gilroy-Regular.otf in Resources */ = {isa = PBXBuildFile; fileRef = 409562A92223ED3800A9290F /* Gilroy-Regular.otf */; };
		409562B42223ED3900A9290F /* Gilroy-UltraLight.otf in Resources */ = {isa = PBXBuildFile; fileRef = 409562AA2223ED3800A9290F /* Gilroy-UltraLight.otf */; };
		409562B52223ED3900A9290F /* Gilroy-Thin.otf in Resources */ = {isa = PBXBuildFile; fileRef = 409562AB2223ED3800A9290F /* Gilroy-Thin.otf */; };
		409562B62223ED3900A9290F /* Gilroy-SemiBold.otf in Resources */ = {isa = PBXBuildFile; fileRef = 409562AC2223ED3800A9290F /* Gilroy-SemiBold.otf */; };
		409562B72223ED3900A9290F /* Gilroy-Bold.otf in Resources */ = {isa = PBXBuildFile; fileRef = 409562AD2223ED3800A9290F /* Gilroy-Bold.otf */; };
		409562B82223ED3900A9290F /* Gilroy-Light.otf in Resources */ = {isa = PBXBuildFile; fileRef = 409562AE2223ED3800A9290F /* Gilroy-Light.otf */; };
		409562C02223F0CB00A9290F /* AppConstant.swift in Sources */ = {isa = PBXBuildFile; fileRef = 409562BD2223F0CA00A9290F /* AppConstant.swift */; };
		409562C12223F0CB00A9290F /* Validation.swift in Sources */ = {isa = PBXBuildFile; fileRef = 409562BE2223F0CA00A9290F /* Validation.swift */; };
		409562C42223F13B00A9290F /* Colors.xcassets in Resources */ = {isa = PBXBuildFile; fileRef = 409562C32223F13B00A9290F /* Colors.xcassets */; };
		409562C62223F2C000A9290F /* AppFont.swift in Sources */ = {isa = PBXBuildFile; fileRef = 409562C52223F2C000A9290F /* AppFont.swift */; };
		409562C82223F2D000A9290F /* BasicUtility.swift in Sources */ = {isa = PBXBuildFile; fileRef = 409562C72223F2D000A9290F /* BasicUtility.swift */; };
		409562CA2223F32400A9290F /* Extension.swift in Sources */ = {isa = PBXBuildFile; fileRef = 409562C92223F32400A9290F /* Extension.swift */; };
		409562D12223F67A00A9290F /* Reg.swift in Sources */ = {isa = PBXBuildFile; fileRef = 409562CF2223F67A00A9290F /* Reg.swift */; };
		409562D22223F67A00A9290F /* Login.swift in Sources */ = {isa = PBXBuildFile; fileRef = 409562D02223F67A00A9290F /* Login.swift */; };
		409562D52223F76300A9290F /* Keychain.swift in Sources */ = {isa = PBXBuildFile; fileRef = 409562D32223F76300A9290F /* Keychain.swift */; };
		409562D62223F76300A9290F /* FloatingLabelTextField.swift in Sources */ = {isa = PBXBuildFile; fileRef = 409562D42223F76300A9290F /* FloatingLabelTextField.swift */; };
		409562D82223F79D00A9290F /* DashBoardModels.swift in Sources */ = {isa = PBXBuildFile; fileRef = 409562D72223F79D00A9290F /* DashBoardModels.swift */; };
		409562DA2223F7DF00A9290F /* ApiUrlFactory.swift in Sources */ = {isa = PBXBuildFile; fileRef = 409562D92223F7DF00A9290F /* ApiUrlFactory.swift */; };
		409562DC2223F82100A9290F /* Singleton.swift in Sources */ = {isa = PBXBuildFile; fileRef = 409562DB2223F82000A9290F /* Singleton.swift */; };
		409562DE2223F85000A9290F /* DialCodeVC.swift in Sources */ = {isa = PBXBuildFile; fileRef = 409562DD2223F85000A9290F /* DialCodeVC.swift */; };
		409562E02223FA4000A9290F /* Assets.xcassets in Resources */ = {isa = PBXBuildFile; fileRef = 409562DF2223FA4000A9290F /* Assets.xcassets */; };
		409562E622240BC400A9290F /* Menu.storyboard in Resources */ = {isa = PBXBuildFile; fileRef = 409562E522240BC400A9290F /* Menu.storyboard */; };
		409562EA22240C2100A9290F /* LeftMenuVC.swift in Sources */ = {isa = PBXBuildFile; fileRef = 409562E822240C2100A9290F /* LeftMenuVC.swift */; };
		409562EB22240C2100A9290F /* RootViewController.swift in Sources */ = {isa = PBXBuildFile; fileRef = 409562E922240C2100A9290F /* RootViewController.swift */; };
		40980EE9222E65F40076B340 /* RatingMod.swift in Sources */ = {isa = PBXBuildFile; fileRef = 40980EE8222E65F40076B340 /* RatingMod.swift */; };
		40980EF3222E7DE50076B340 /* ShareVC.swift in Sources */ = {isa = PBXBuildFile; fileRef = 40980EF2222E7DE40076B340 /* ShareVC.swift */; };
		40980EF6222E83590076B340 /* CompDetailVC.swift in Sources */ = {isa = PBXBuildFile; fileRef = 40980EF5222E83590076B340 /* CompDetailVC.swift */; };
		40980EF8222E83920076B340 /* OrderDetail.storyboard in Resources */ = {isa = PBXBuildFile; fileRef = 40980EF7222E83920076B340 /* OrderDetail.storyboard */; };
		40980EFE222EA1110076B340 /* OrderDetailCell.swift in Sources */ = {isa = PBXBuildFile; fileRef = 40980EFC222EA1110076B340 /* OrderDetailCell.swift */; };
		40980EFF222EA1110076B340 /* OrderDetailCell.xib in Resources */ = {isa = PBXBuildFile; fileRef = 40980EFD222EA1110076B340 /* OrderDetailCell.xib */; };
		40980F01222EAB0C0076B340 /* OrderTemoMod.swift in Sources */ = {isa = PBXBuildFile; fileRef = 40980F00222EAB0C0076B340 /* OrderTemoMod.swift */; };
		40B4F502223A3424002F8CCE /* Localizable.strings in Resources */ = {isa = PBXBuildFile; fileRef = 40B4F504223A3424002F8CCE /* Localizable.strings */; };
		40BAACF02226F3DE007C125A /* GoogleService-Info.plist in Resources */ = {isa = PBXBuildFile; fileRef = 40BAACEF2226F3DE007C125A /* GoogleService-Info.plist */; };
		40C2BEC622267D4C00B1A550 /* MenuItems.storyboard in Resources */ = {isa = PBXBuildFile; fileRef = 40C2BEC522267D4C00B1A550 /* MenuItems.storyboard */; };
		40C2BEC922267F4C00B1A550 /* MyProfileVC.swift in Sources */ = {isa = PBXBuildFile; fileRef = 40C2BEC822267F4C00B1A550 /* MyProfileVC.swift */; };
		40CA015B22282A8F000A19DE /* NotMod.swift in Sources */ = {isa = PBXBuildFile; fileRef = 40CA015A22282A8F000A19DE /* NotMod.swift */; };
		40CA015D22282AA6000A19DE /* NotCell.swift in Sources */ = {isa = PBXBuildFile; fileRef = 40CA015C22282AA6000A19DE /* NotCell.swift */; };
		40CA015F22282AB5000A19DE /* NotVC.swift in Sources */ = {isa = PBXBuildFile; fileRef = 40CA015E22282AB5000A19DE /* NotVC.swift */; };
		40D4A1342269966C009E6C24 /* AssignDetailVC.swift in Sources */ = {isa = PBXBuildFile; fileRef = 40D4A1332269966C009E6C24 /* AssignDetailVC.swift */; };
		40D86079226861080090C054 /* NewOrderDetailVC.swift in Sources */ = {isa = PBXBuildFile; fileRef = 40D86078226861080090C054 /* NewOrderDetailVC.swift */; };
		40E11AC32240E48A00CFC1CA /* Localizable.swift in Sources */ = {isa = PBXBuildFile; fileRef = 40E11AC22240E48A00CFC1CA /* Localizable.swift */; };
		853B12BA23AA05B7007D3400 /* OrderCancelVC.swift in Sources */ = {isa = PBXBuildFile; fileRef = 853B12B923AA05B7007D3400 /* OrderCancelVC.swift */; };
		853B12BC23AA05DE007D3400 /* OrderCancelCell.swift in Sources */ = {isa = PBXBuildFile; fileRef = 853B12BB23AA05DE007D3400 /* OrderCancelCell.swift */; };
		E55DF850A90C9538E4D1A3A6 /* Pods_iMoneh_Driver.framework in Frameworks */ = {isa = PBXBuildFile; fileRef = 35FBEFC72A2DEB4F9E2345E7 /* Pods_iMoneh_Driver.framework */; };
/* End PBXBuildFile section */

/* Begin PBXFileReference section */
		242EFE77D1285D0F56B44AB8 /* Pods-iMoneh Driver.debug.xcconfig */ = {isa = PBXFileReference; includeInIndex = 1; lastKnownFileType = text.xcconfig; name = "Pods-iMoneh Driver.debug.xcconfig"; path = "Pods/Target Support Files/Pods-iMoneh Driver/Pods-iMoneh Driver.debug.xcconfig"; sourceTree = "<group>"; };
		35FBEFC72A2DEB4F9E2345E7 /* Pods_iMoneh_Driver.framework */ = {isa = PBXFileReference; explicitFileType = wrapper.framework; includeInIndex = 0; path = Pods_iMoneh_Driver.framework; sourceTree = BUILT_PRODUCTS_DIR; };
		40269B5922572C7400AAE219 /* CityAreaVC.swift */ = {isa = PBXFileReference; fileEncoding = 4; lastKnownFileType = sourcecode.swift; path = CityAreaVC.swift; sourceTree = "<group>"; };
		4029E710222981200074492C /* RatingVC.swift */ = {isa = PBXFileReference; lastKnownFileType = sourcecode.swift; path = RatingVC.swift; sourceTree = "<group>"; };
		4029E714222985B00074492C /* RatingCell.swift */ = {isa = PBXFileReference; lastKnownFileType = sourcecode.swift; path = RatingCell.swift; sourceTree = "<group>"; };
		4041B6A2226EEF3A00595BA4 /* ViewOrderItemsVC.swift */ = {isa = PBXFileReference; lastKnownFileType = sourcecode.swift; path = ViewOrderItemsVC.swift; sourceTree = "<group>"; };
		4049DA3E2230FEF0000E3B55 /* PickUpConformation.swift */ = {isa = PBXFileReference; lastKnownFileType = sourcecode.swift; path = PickUpConformation.swift; sourceTree = "<group>"; };
		4049DA402231065D000E3B55 /* YPDrawSignatureView.swift */ = {isa = PBXFileReference; fileEncoding = 4; lastKnownFileType = sourcecode.swift; path = YPDrawSignatureView.swift; sourceTree = "<group>"; };
		404D651E2227CCC500404AAC /* ForgotPassVC.swift */ = {isa = PBXFileReference; fileEncoding = 4; lastKnownFileType = sourcecode.swift; path = ForgotPassVC.swift; sourceTree = "<group>"; };
		404D65202227D26000404AAC /* ResetPassVC.swift */ = {isa = PBXFileReference; fileEncoding = 4; lastKnownFileType = sourcecode.swift; path = ResetPassVC.swift; sourceTree = "<group>"; };
		404D65212227D26000404AAC /* VerfiyOTP.swift */ = {isa = PBXFileReference; fileEncoding = 4; lastKnownFileType = sourcecode.swift; path = VerfiyOTP.swift; sourceTree = "<group>"; };
		404D65262227FBFB00404AAC /* Home.swift */ = {isa = PBXFileReference; lastKnownFileType = sourcecode.swift; path = Home.swift; sourceTree = "<group>"; };
		404D65282228003C00404AAC /* api.json */ = {isa = PBXFileReference; fileEncoding = 4; lastKnownFileType = text.json; path = api.json; sourceTree = "<group>"; };
		405505A3222418F200456FC8 /* HomeVC.swift */ = {isa = PBXFileReference; lastKnownFileType = sourcecode.swift; path = HomeVC.swift; sourceTree = "<group>"; };
		405505A522241FC800456FC8 /* NewVC.swift */ = {isa = PBXFileReference; lastKnownFileType = sourcecode.swift; path = NewVC.swift; sourceTree = "<group>"; };
		405505A722241FD900456FC8 /* AssignVC.swift */ = {isa = PBXFileReference; lastKnownFileType = sourcecode.swift; path = AssignVC.swift; sourceTree = "<group>"; };
		405505A922241FE800456FC8 /* CompletedVC.swift */ = {isa = PBXFileReference; lastKnownFileType = sourcecode.swift; path = CompletedVC.swift; sourceTree = "<group>"; };
		405505AB222428D100456FC8 /* OrderCell.swift */ = {isa = PBXFileReference; lastKnownFileType = sourcecode.swift; path = OrderCell.swift; sourceTree = "<group>"; };
		405505AC222428D100456FC8 /* OrderCell.xib */ = {isa = PBXFileReference; lastKnownFileType = file.xib; path = OrderCell.xib; sourceTree = "<group>"; };
		405B39C7224123DC00F4A8B0 /* Help.storyboard */ = {isa = PBXFileReference; fileEncoding = 4; lastKnownFileType = file.storyboard; path = Help.storyboard; sourceTree = "<group>"; };
		405B39C92241240400F4A8B0 /* HelpVC.swift */ = {isa = PBXFileReference; fileEncoding = 4; lastKnownFileType = sourcecode.swift; path = HelpVC.swift; sourceTree = "<group>"; };
		405B39CA2241240500F4A8B0 /* FeedBackVC.swift */ = {isa = PBXFileReference; fileEncoding = 4; lastKnownFileType = sourcecode.swift; path = FeedBackVC.swift; sourceTree = "<group>"; };
		405B39CB2241240500F4A8B0 /* TermVC.swift */ = {isa = PBXFileReference; fileEncoding = 4; lastKnownFileType = sourcecode.swift; path = TermVC.swift; sourceTree = "<group>"; };
		405B39CC2241240600F4A8B0 /* FAQVC.swift */ = {isa = PBXFileReference; fileEncoding = 4; lastKnownFileType = sourcecode.swift; path = FAQVC.swift; sourceTree = "<group>"; };
		405B39CD2241240600F4A8B0 /* ContactUs.swift */ = {isa = PBXFileReference; fileEncoding = 4; lastKnownFileType = sourcecode.swift; path = ContactUs.swift; sourceTree = "<group>"; };
		405B39CE2241240600F4A8B0 /* PaymentVC.swift */ = {isa = PBXFileReference; fileEncoding = 4; lastKnownFileType = sourcecode.swift; path = PaymentVC.swift; sourceTree = "<group>"; };
		405B39CF2241240700F4A8B0 /* AboutUsVC.swift */ = {isa = PBXFileReference; fileEncoding = 4; lastKnownFileType = sourcecode.swift; path = AboutUsVC.swift; sourceTree = "<group>"; };
		4095628D2223E2B900A9290F /* iMoneh Driver.app */ = {isa = PBXFileReference; explicitFileType = wrapper.application; includeInIndex = 0; path = "iMoneh Driver.app"; sourceTree = BUILT_PRODUCTS_DIR; };
		409562902223E2B900A9290F /* AppDelegate.swift */ = {isa = PBXFileReference; lastKnownFileType = sourcecode.swift; path = AppDelegate.swift; sourceTree = "<group>"; };
		409562922223E2B900A9290F /* ViewController.swift */ = {isa = PBXFileReference; lastKnownFileType = sourcecode.swift; path = ViewController.swift; sourceTree = "<group>"; };
		409562952223E2B900A9290F /* Base */ = {isa = PBXFileReference; lastKnownFileType = file.storyboard; name = Base; path = Base.lproj/Main.storyboard; sourceTree = "<group>"; };
		4095629A2223E2BC00A9290F /* Base */ = {isa = PBXFileReference; lastKnownFileType = file.storyboard; name = Base; path = Base.lproj/LaunchScreen.storyboard; sourceTree = "<group>"; };
		4095629C2223E2BC00A9290F /* Info.plist */ = {isa = PBXFileReference; lastKnownFileType = text.plist.xml; path = Info.plist; sourceTree = "<group>"; };
		409562A22223E44F00A9290F /* README.md */ = {isa = PBXFileReference; lastKnownFileType = net.daringfireball.markdown; path = README.md; sourceTree = "<group>"; };
		409562A52223ED3800A9290F /* Gilroy-Medium.otf */ = {isa = PBXFileReference; lastKnownFileType = file; path = "Gilroy-Medium.otf"; sourceTree = "<group>"; };
		409562A62223ED3800A9290F /* Gilroy-Black.otf */ = {isa = PBXFileReference; lastKnownFileType = file; path = "Gilroy-Black.otf"; sourceTree = "<group>"; };
		409562A72223ED3800A9290F /* Gilroy-Heavy.otf */ = {isa = PBXFileReference; lastKnownFileType = file; path = "Gilroy-Heavy.otf"; sourceTree = "<group>"; };
		409562A82223ED3800A9290F /* Gilroy-ExtraBold.otf */ = {isa = PBXFileReference; lastKnownFileType = file; path = "Gilroy-ExtraBold.otf"; sourceTree = "<group>"; };
		409562A92223ED3800A9290F /* Gilroy-Regular.otf */ = {isa = PBXFileReference; lastKnownFileType = file; path = "Gilroy-Regular.otf"; sourceTree = "<group>"; };
		409562AA2223ED3800A9290F /* Gilroy-UltraLight.otf */ = {isa = PBXFileReference; lastKnownFileType = file; path = "Gilroy-UltraLight.otf"; sourceTree = "<group>"; };
		409562AB2223ED3800A9290F /* Gilroy-Thin.otf */ = {isa = PBXFileReference; lastKnownFileType = file; path = "Gilroy-Thin.otf"; sourceTree = "<group>"; };
		409562AC2223ED3800A9290F /* Gilroy-SemiBold.otf */ = {isa = PBXFileReference; lastKnownFileType = file; path = "Gilroy-SemiBold.otf"; sourceTree = "<group>"; };
		409562AD2223ED3800A9290F /* Gilroy-Bold.otf */ = {isa = PBXFileReference; lastKnownFileType = file; path = "Gilroy-Bold.otf"; sourceTree = "<group>"; };
		409562AE2223ED3800A9290F /* Gilroy-Light.otf */ = {isa = PBXFileReference; lastKnownFileType = file; path = "Gilroy-Light.otf"; sourceTree = "<group>"; };
		409562BD2223F0CA00A9290F /* AppConstant.swift */ = {isa = PBXFileReference; fileEncoding = 4; lastKnownFileType = sourcecode.swift; path = AppConstant.swift; sourceTree = "<group>"; };
		409562BE2223F0CA00A9290F /* Validation.swift */ = {isa = PBXFileReference; fileEncoding = 4; lastKnownFileType = sourcecode.swift; path = Validation.swift; sourceTree = "<group>"; };
		409562C32223F13B00A9290F /* Colors.xcassets */ = {isa = PBXFileReference; lastKnownFileType = folder.assetcatalog; path = Colors.xcassets; sourceTree = "<group>"; };
		409562C52223F2C000A9290F /* AppFont.swift */ = {isa = PBXFileReference; fileEncoding = 4; lastKnownFileType = sourcecode.swift; path = AppFont.swift; sourceTree = "<group>"; };
		409562C72223F2D000A9290F /* BasicUtility.swift */ = {isa = PBXFileReference; fileEncoding = 4; lastKnownFileType = sourcecode.swift; path = BasicUtility.swift; sourceTree = "<group>"; };
		409562C92223F32400A9290F /* Extension.swift */ = {isa = PBXFileReference; fileEncoding = 4; lastKnownFileType = sourcecode.swift; path = Extension.swift; sourceTree = "<group>"; };
		409562CF2223F67A00A9290F /* Reg.swift */ = {isa = PBXFileReference; fileEncoding = 4; lastKnownFileType = sourcecode.swift; path = Reg.swift; sourceTree = "<group>"; };
		409562D02223F67A00A9290F /* Login.swift */ = {isa = PBXFileReference; fileEncoding = 4; lastKnownFileType = sourcecode.swift; path = Login.swift; sourceTree = "<group>"; };
		409562D32223F76300A9290F /* Keychain.swift */ = {isa = PBXFileReference; fileEncoding = 4; lastKnownFileType = sourcecode.swift; path = Keychain.swift; sourceTree = "<group>"; };
		409562D42223F76300A9290F /* FloatingLabelTextField.swift */ = {isa = PBXFileReference; fileEncoding = 4; lastKnownFileType = sourcecode.swift; path = FloatingLabelTextField.swift; sourceTree = "<group>"; };
		409562D72223F79D00A9290F /* DashBoardModels.swift */ = {isa = PBXFileReference; fileEncoding = 4; lastKnownFileType = sourcecode.swift; path = DashBoardModels.swift; sourceTree = "<group>"; };
		409562D92223F7DF00A9290F /* ApiUrlFactory.swift */ = {isa = PBXFileReference; fileEncoding = 4; lastKnownFileType = sourcecode.swift; path = ApiUrlFactory.swift; sourceTree = "<group>"; };
		409562DB2223F82000A9290F /* Singleton.swift */ = {isa = PBXFileReference; fileEncoding = 4; lastKnownFileType = sourcecode.swift; path = Singleton.swift; sourceTree = "<group>"; };
		409562DD2223F85000A9290F /* DialCodeVC.swift */ = {isa = PBXFileReference; fileEncoding = 4; lastKnownFileType = sourcecode.swift; path = DialCodeVC.swift; sourceTree = "<group>"; };
		409562DF2223FA4000A9290F /* Assets.xcassets */ = {isa = PBXFileReference; lastKnownFileType = folder.assetcatalog; path = Assets.xcassets; sourceTree = "<group>"; };
		409562E522240BC400A9290F /* Menu.storyboard */ = {isa = PBXFileReference; lastKnownFileType = file.storyboard; path = Menu.storyboard; sourceTree = "<group>"; };
		409562E822240C2100A9290F /* LeftMenuVC.swift */ = {isa = PBXFileReference; fileEncoding = 4; lastKnownFileType = sourcecode.swift; path = LeftMenuVC.swift; sourceTree = "<group>"; };
		409562E922240C2100A9290F /* RootViewController.swift */ = {isa = PBXFileReference; fileEncoding = 4; lastKnownFileType = sourcecode.swift; path = RootViewController.swift; sourceTree = "<group>"; };
		40980EE8222E65F40076B340 /* RatingMod.swift */ = {isa = PBXFileReference; lastKnownFileType = sourcecode.swift; path = RatingMod.swift; sourceTree = "<group>"; };
		40980EF2222E7DE40076B340 /* ShareVC.swift */ = {isa = PBXFileReference; fileEncoding = 4; lastKnownFileType = sourcecode.swift; path = ShareVC.swift; sourceTree = "<group>"; };
		40980EF5222E83590076B340 /* CompDetailVC.swift */ = {isa = PBXFileReference; lastKnownFileType = sourcecode.swift; path = CompDetailVC.swift; sourceTree = "<group>"; };
		40980EF7222E83920076B340 /* OrderDetail.storyboard */ = {isa = PBXFileReference; lastKnownFileType = file.storyboard; path = OrderDetail.storyboard; sourceTree = "<group>"; };
		40980EFC222EA1110076B340 /* OrderDetailCell.swift */ = {isa = PBXFileReference; lastKnownFileType = sourcecode.swift; path = OrderDetailCell.swift; sourceTree = "<group>"; };
		40980EFD222EA1110076B340 /* OrderDetailCell.xib */ = {isa = PBXFileReference; lastKnownFileType = file.xib; path = OrderDetailCell.xib; sourceTree = "<group>"; };
		40980F00222EAB0C0076B340 /* OrderTemoMod.swift */ = {isa = PBXFileReference; lastKnownFileType = sourcecode.swift; path = OrderTemoMod.swift; sourceTree = "<group>"; };
		40B4F505223A3437002F8CCE /* ar */ = {isa = PBXFileReference; lastKnownFileType = text.plist.strings; name = ar; path = ar.lproj/Localizable.strings; sourceTree = "<group>"; };
		40BAACEF2226F3DE007C125A /* GoogleService-Info.plist */ = {isa = PBXFileReference; fileEncoding = 4; lastKnownFileType = text.plist.xml; path = "GoogleService-Info.plist"; sourceTree = "<group>"; };
		40BAACF12226F4D5007C125A /* iMoneh Driver.entitlements */ = {isa = PBXFileReference; lastKnownFileType = text.plist.entitlements; path = "iMoneh Driver.entitlements"; sourceTree = "<group>"; };
		40C2BEC522267D4C00B1A550 /* MenuItems.storyboard */ = {isa = PBXFileReference; lastKnownFileType = file.storyboard; path = MenuItems.storyboard; sourceTree = "<group>"; };
		40C2BEC822267F4C00B1A550 /* MyProfileVC.swift */ = {isa = PBXFileReference; lastKnownFileType = sourcecode.swift; path = MyProfileVC.swift; sourceTree = "<group>"; };
		40CA015A22282A8F000A19DE /* NotMod.swift */ = {isa = PBXFileReference; fileEncoding = 4; lastKnownFileType = sourcecode.swift; path = NotMod.swift; sourceTree = "<group>"; };
		40CA015C22282AA6000A19DE /* NotCell.swift */ = {isa = PBXFileReference; fileEncoding = 4; lastKnownFileType = sourcecode.swift; path = NotCell.swift; sourceTree = "<group>"; };
		40CA015E22282AB5000A19DE /* NotVC.swift */ = {isa = PBXFileReference; fileEncoding = 4; lastKnownFileType = sourcecode.swift; path = NotVC.swift; sourceTree = "<group>"; };
		40D4A1332269966C009E6C24 /* AssignDetailVC.swift */ = {isa = PBXFileReference; lastKnownFileType = sourcecode.swift; path = AssignDetailVC.swift; sourceTree = "<group>"; };
		40D86078226861080090C054 /* NewOrderDetailVC.swift */ = {isa = PBXFileReference; lastKnownFileType = sourcecode.swift; path = NewOrderDetailVC.swift; sourceTree = "<group>"; };
		40DFD0F622413F210003F7E4 /* en */ = {isa = PBXFileReference; lastKnownFileType = text.plist.strings; name = en; path = en.lproj/Localizable.strings; sourceTree = "<group>"; };
		40E11AC22240E48A00CFC1CA /* Localizable.swift */ = {isa = PBXFileReference; fileEncoding = 4; lastKnownFileType = sourcecode.swift; path = Localizable.swift; sourceTree = "<group>"; };
		73521ABF6AC15FCE589F345B /* Pods-iMoneh Driver.release.xcconfig */ = {isa = PBXFileReference; includeInIndex = 1; lastKnownFileType = text.xcconfig; name = "Pods-iMoneh Driver.release.xcconfig"; path = "Pods/Target Support Files/Pods-iMoneh Driver/Pods-iMoneh Driver.release.xcconfig"; sourceTree = "<group>"; };
		853B12B923AA05B7007D3400 /* OrderCancelVC.swift */ = {isa = PBXFileReference; lastKnownFileType = sourcecode.swift; path = OrderCancelVC.swift; sourceTree = "<group>"; };
		853B12BB23AA05DE007D3400 /* OrderCancelCell.swift */ = {isa = PBXFileReference; lastKnownFileType = sourcecode.swift; path = OrderCancelCell.swift; sourceTree = "<group>"; };
/* End PBXFileReference section */

/* Begin PBXFrameworksBuildPhase section */
		4095628A2223E2B900A9290F /* Frameworks */ = {
			isa = PBXFrameworksBuildPhase;
			buildActionMask = 2147483647;
			files = (
				E55DF850A90C9538E4D1A3A6 /* Pods_iMoneh_Driver.framework in Frameworks */,
			);
			runOnlyForDeploymentPostprocessing = 0;
		};
/* End PBXFrameworksBuildPhase section */

/* Begin PBXGroup section */
		0622BA31186476A89D195BB5 /* Frameworks */ = {
			isa = PBXGroup;
			children = (
				35FBEFC72A2DEB4F9E2345E7 /* Pods_iMoneh_Driver.framework */,
			);
			name = Frameworks;
			sourceTree = "<group>";
		};
		4029E70C222980340074492C /* RatingReview */ = {
			isa = PBXGroup;
			children = (
				4029E70D222980F40074492C /* Modal */,
				4029E70E222980F90074492C /* View */,
				4029E70F222980FF0074492C /* Controller */,
			);
			path = RatingReview;
			sourceTree = "<group>";
		};
		4029E70D222980F40074492C /* Modal */ = {
			isa = PBXGroup;
			children = (
				40980EE8222E65F40076B340 /* RatingMod.swift */,
			);
			path = Modal;
			sourceTree = "<group>";
		};
		4029E70E222980F90074492C /* View */ = {
			isa = PBXGroup;
			children = (
				4029E714222985B00074492C /* RatingCell.swift */,
			);
			path = View;
			sourceTree = "<group>";
		};
		4029E70F222980FF0074492C /* Controller */ = {
			isa = PBXGroup;
			children = (
				4029E710222981200074492C /* RatingVC.swift */,
			);
			path = Controller;
			sourceTree = "<group>";
		};
		4055059F222418B500456FC8 /* Home */ = {
			isa = PBXGroup;
			children = (
				405505A0222418C000456FC8 /* Modal */,
				405505A1222418C600456FC8 /* View */,
				405505A2222418CE00456FC8 /* Controller */,
			);
			path = Home;
			sourceTree = "<group>";
		};
		405505A0222418C000456FC8 /* Modal */ = {
			isa = PBXGroup;
			children = (
				404D65262227FBFB00404AAC /* Home.swift */,
			);
			path = Modal;
			sourceTree = "<group>";
		};
		405505A1222418C600456FC8 /* View */ = {
			isa = PBXGroup;
			children = (
				405505AB222428D100456FC8 /* OrderCell.swift */,
				405505AC222428D100456FC8 /* OrderCell.xib */,
			);
			path = View;
			sourceTree = "<group>";
		};
		405505A2222418CE00456FC8 /* Controller */ = {
			isa = PBXGroup;
			children = (
				405505A3222418F200456FC8 /* HomeVC.swift */,
				405505A522241FC800456FC8 /* NewVC.swift */,
				405505A722241FD900456FC8 /* AssignVC.swift */,
				405505A922241FE800456FC8 /* CompletedVC.swift */,
			);
			path = Controller;
			sourceTree = "<group>";
		};
		409562842223E2B900A9290F = {
			isa = PBXGroup;
			children = (
				40B4F504223A3424002F8CCE /* Localizable.strings */,
				404D65282228003C00404AAC /* api.json */,
				40BAACEF2226F3DE007C125A /* GoogleService-Info.plist */,
				409562A22223E44F00A9290F /* README.md */,
				409562BA2223F04700A9290F /* ExternalLib */,
				409562BB2223F05700A9290F /* Utility */,
				409562BC2223F08D00A9290F /* NetWork */,
				4095628F2223E2B900A9290F /* iMoneh Driver */,
				4095628E2223E2B900A9290F /* Products */,
				409562A42223ECFC00A9290F /* Resources */,
				565FADFC616AC900615CE1B7 /* Pods */,
				0622BA31186476A89D195BB5 /* Frameworks */,
			);
			sourceTree = "<group>";
		};
		4095628E2223E2B900A9290F /* Products */ = {
			isa = PBXGroup;
			children = (
				4095628D2223E2B900A9290F /* iMoneh Driver.app */,
			);
			name = Products;
			sourceTree = "<group>";
		};
		4095628F2223E2B900A9290F /* iMoneh Driver */ = {
			isa = PBXGroup;
			children = (
				40BAACF12226F4D5007C125A /* iMoneh Driver.entitlements */,
				409562902223E2B900A9290F /* AppDelegate.swift */,
				409562CB2223F56800A9290F /* DashBoard */,
				409562E722240C0E00A9290F /* Menu */,
				4055059F222418B500456FC8 /* Home */,
				40980EF4222E83330076B340 /* OrderDetail */,
				40C2BEC722267F2B00B1A550 /* MyProfile */,
				40CA015622282836000A19DE /* Notification */,
				4029E70C222980340074492C /* RatingReview */,
				40980EEC222E71E10076B340 /* Help */,
				40980EF1222E7DD60076B340 /* Share */,
				409562942223E2B900A9290F /* Main.storyboard */,
				409562E522240BC400A9290F /* Menu.storyboard */,
				40C2BEC522267D4C00B1A550 /* MenuItems.storyboard */,
				40980EF7222E83920076B340 /* OrderDetail.storyboard */,
				405B39C7224123DC00F4A8B0 /* Help.storyboard */,
				409562992223E2BC00A9290F /* LaunchScreen.storyboard */,
				4095629C2223E2BC00A9290F /* Info.plist */,
			);
			path = "iMoneh Driver";
			sourceTree = "<group>";
		};
		409562A42223ECFC00A9290F /* Resources */ = {
			isa = PBXGroup;
			children = (
				409562C32223F13B00A9290F /* Colors.xcassets */,
				409562DF2223FA4000A9290F /* Assets.xcassets */,
				409562B92223F03300A9290F /* Fonts */,
			);
			path = Resources;
			sourceTree = "<group>";
		};
		409562B92223F03300A9290F /* Fonts */ = {
			isa = PBXGroup;
			children = (
				409562A62223ED3800A9290F /* Gilroy-Black.otf */,
				409562AD2223ED3800A9290F /* Gilroy-Bold.otf */,
				409562A82223ED3800A9290F /* Gilroy-ExtraBold.otf */,
				409562A72223ED3800A9290F /* Gilroy-Heavy.otf */,
				409562AE2223ED3800A9290F /* Gilroy-Light.otf */,
				409562A52223ED3800A9290F /* Gilroy-Medium.otf */,
				409562A92223ED3800A9290F /* Gilroy-Regular.otf */,
				409562AC2223ED3800A9290F /* Gilroy-SemiBold.otf */,
				409562AB2223ED3800A9290F /* Gilroy-Thin.otf */,
				409562AA2223ED3800A9290F /* Gilroy-UltraLight.otf */,
			);
			path = Fonts;
			sourceTree = "<group>";
		};
		409562BA2223F04700A9290F /* ExternalLib */ = {
			isa = PBXGroup;
			children = (
				409562D32223F76300A9290F /* Keychain.swift */,
				409562D42223F76300A9290F /* FloatingLabelTextField.swift */,
			);
			path = ExternalLib;
			sourceTree = "<group>";
		};
		409562BB2223F05700A9290F /* Utility */ = {
			isa = PBXGroup;
			children = (
				40E11AC22240E48A00CFC1CA /* Localizable.swift */,
				4049DA402231065D000E3B55 /* YPDrawSignatureView.swift */,
				409562DB2223F82000A9290F /* Singleton.swift */,
				409562BD2223F0CA00A9290F /* AppConstant.swift */,
				409562C52223F2C000A9290F /* AppFont.swift */,
				409562C72223F2D000A9290F /* BasicUtility.swift */,
				409562C92223F32400A9290F /* Extension.swift */,
				409562BE2223F0CA00A9290F /* Validation.swift */,
			);
			path = Utility;
			sourceTree = "<group>";
		};
		409562BC2223F08D00A9290F /* NetWork */ = {
			isa = PBXGroup;
			children = (
				409562D92223F7DF00A9290F /* ApiUrlFactory.swift */,
			);
			path = NetWork;
			sourceTree = "<group>";
		};
		409562CB2223F56800A9290F /* DashBoard */ = {
			isa = PBXGroup;
			children = (
				409562CC2223F56F00A9290F /* Modal */,
				409562CD2223F57600A9290F /* View */,
				409562CE2223F57C00A9290F /* Controller */,
			);
			path = DashBoard;
			sourceTree = "<group>";
		};
		409562CC2223F56F00A9290F /* Modal */ = {
			isa = PBXGroup;
			children = (
				409562D72223F79D00A9290F /* DashBoardModels.swift */,
			);
			path = Modal;
			sourceTree = "<group>";
		};
		409562CD2223F57600A9290F /* View */ = {
			isa = PBXGroup;
			children = (
			);
			path = View;
			sourceTree = "<group>";
		};
		409562CE2223F57C00A9290F /* Controller */ = {
			isa = PBXGroup;
			children = (
				409562922223E2B900A9290F /* ViewController.swift */,
				409562D02223F67A00A9290F /* Login.swift */,
				409562CF2223F67A00A9290F /* Reg.swift */,
				409562DD2223F85000A9290F /* DialCodeVC.swift */,
				40269B5922572C7400AAE219 /* CityAreaVC.swift */,
				404D651E2227CCC500404AAC /* ForgotPassVC.swift */,
				404D65212227D26000404AAC /* VerfiyOTP.swift */,
				404D65202227D26000404AAC /* ResetPassVC.swift */,
			);
			path = Controller;
			sourceTree = "<group>";
		};
		409562E722240C0E00A9290F /* Menu */ = {
			isa = PBXGroup;
			children = (
				409562E922240C2100A9290F /* RootViewController.swift */,
				409562E822240C2100A9290F /* LeftMenuVC.swift */,
			);
			path = Menu;
			sourceTree = "<group>";
		};
		40980EEC222E71E10076B340 /* Help */ = {
			isa = PBXGroup;
			children = (
				405B39CF2241240700F4A8B0 /* AboutUsVC.swift */,
				405B39CD2241240600F4A8B0 /* ContactUs.swift */,
				405B39CC2241240600F4A8B0 /* FAQVC.swift */,
				405B39CA2241240500F4A8B0 /* FeedBackVC.swift */,
				405B39C92241240400F4A8B0 /* HelpVC.swift */,
				405B39CE2241240600F4A8B0 /* PaymentVC.swift */,
				405B39CB2241240500F4A8B0 /* TermVC.swift */,
			);
			path = Help;
			sourceTree = "<group>";
		};
		40980EF1222E7DD60076B340 /* Share */ = {
			isa = PBXGroup;
			children = (
				40980EF2222E7DE40076B340 /* ShareVC.swift */,
			);
			path = Share;
			sourceTree = "<group>";
		};
		40980EF4222E83330076B340 /* OrderDetail */ = {
			isa = PBXGroup;
			children = (
				40980EFA222EA0A60076B340 /* Modal */,
				40980EFB222EA0AE0076B340 /* View */,
				40980EF9222EA0980076B340 /* Controller */,
			);
			path = OrderDetail;
			sourceTree = "<group>";
		};
		40980EF9222EA0980076B340 /* Controller */ = {
			isa = PBXGroup;
			children = (
				40D86078226861080090C054 /* NewOrderDetailVC.swift */,
				40D4A1332269966C009E6C24 /* AssignDetailVC.swift */,
				40980EF5222E83590076B340 /* CompDetailVC.swift */,
				4049DA3E2230FEF0000E3B55 /* PickUpConformation.swift */,
				4041B6A2226EEF3A00595BA4 /* ViewOrderItemsVC.swift */,
				853B12B923AA05B7007D3400 /* OrderCancelVC.swift */,
			);
			path = Controller;
			sourceTree = "<group>";
		};
		40980EFA222EA0A60076B340 /* Modal */ = {
			isa = PBXGroup;
			children = (
				40980F00222EAB0C0076B340 /* OrderTemoMod.swift */,
			);
			path = Modal;
			sourceTree = "<group>";
		};
		40980EFB222EA0AE0076B340 /* View */ = {
			isa = PBXGroup;
			children = (
				40980EFC222EA1110076B340 /* OrderDetailCell.swift */,
				40980EFD222EA1110076B340 /* OrderDetailCell.xib */,
				853B12BB23AA05DE007D3400 /* OrderCancelCell.swift */,
			);
			path = View;
			sourceTree = "<group>";
		};
		40C2BEC722267F2B00B1A550 /* MyProfile */ = {
			isa = PBXGroup;
			children = (
				40C2BEC822267F4C00B1A550 /* MyProfileVC.swift */,
			);
			path = MyProfile;
			sourceTree = "<group>";
		};
		40CA015622282836000A19DE /* Notification */ = {
			isa = PBXGroup;
			children = (
				40CA01572228284F000A19DE /* Modal */,
				40CA015822282856000A19DE /* View */,
				40CA01592228285F000A19DE /* Controller */,
			);
			path = Notification;
			sourceTree = "<group>";
		};
		40CA01572228284F000A19DE /* Modal */ = {
			isa = PBXGroup;
			children = (
				40CA015A22282A8F000A19DE /* NotMod.swift */,
			);
			path = Modal;
			sourceTree = "<group>";
		};
		40CA015822282856000A19DE /* View */ = {
			isa = PBXGroup;
			children = (
				40CA015C22282AA6000A19DE /* NotCell.swift */,
			);
			path = View;
			sourceTree = "<group>";
		};
		40CA01592228285F000A19DE /* Controller */ = {
			isa = PBXGroup;
			children = (
				40CA015E22282AB5000A19DE /* NotVC.swift */,
			);
			path = Controller;
			sourceTree = "<group>";
		};
		565FADFC616AC900615CE1B7 /* Pods */ = {
			isa = PBXGroup;
			children = (
				242EFE77D1285D0F56B44AB8 /* Pods-iMoneh Driver.debug.xcconfig */,
				73521ABF6AC15FCE589F345B /* Pods-iMoneh Driver.release.xcconfig */,
			);
			name = Pods;
			sourceTree = "<group>";
		};
/* End PBXGroup section */

/* Begin PBXNativeTarget section */
		4095628C2223E2B900A9290F /* iMoneh Driver */ = {
			isa = PBXNativeTarget;
			buildConfigurationList = 4095629F2223E2BC00A9290F /* Build configuration list for PBXNativeTarget "iMoneh Driver" */;
			buildPhases = (
				132EDE90AF5B781E05A85A17 /* [CP] Check Pods Manifest.lock */,
				409562892223E2B900A9290F /* Sources */,
				4095628A2223E2B900A9290F /* Frameworks */,
				4095628B2223E2B900A9290F /* Resources */,
				B0309BE85AB76CFF50D0943D /* [CP] Embed Pods Frameworks */,
				3F32F66AE38E641B54779AA5 /* [CP] Copy Pods Resources */,
			);
			buildRules = (
			);
			dependencies = (
			);
			name = "iMoneh Driver";
			productName = "iMoneh Driver";
			productReference = 4095628D2223E2B900A9290F /* iMoneh Driver.app */;
			productType = "com.apple.product-type.application";
		};
/* End PBXNativeTarget section */

/* Begin PBXProject section */
		409562852223E2B900A9290F /* Project object */ = {
			isa = PBXProject;
			attributes = {
				LastSwiftUpdateCheck = 1010;
				LastUpgradeCheck = 1010;
				ORGANIZATIONNAME = Webmaazix;
				TargetAttributes = {
					4095628C2223E2B900A9290F = {
						CreatedOnToolsVersion = 10.1;
						SystemCapabilities = {
							com.apple.Push = {
								enabled = 1;
							};
						};
					};
				};
			};
			buildConfigurationList = 409562882223E2B900A9290F /* Build configuration list for PBXProject "iMoneh Driver" */;
			compatibilityVersion = "Xcode 9.3";
			developmentRegion = en;
			hasScannedForEncodings = 0;
			knownRegions = (
				Base,
				ar,
				en,
			);
			mainGroup = 409562842223E2B900A9290F;
			productRefGroup = 4095628E2223E2B900A9290F /* Products */;
			projectDirPath = "";
			projectRoot = "";
			targets = (
				4095628C2223E2B900A9290F /* iMoneh Driver */,
			);
		};
/* End PBXProject section */

/* Begin PBXResourcesBuildPhase section */
		4095628B2223E2B900A9290F /* Resources */ = {
			isa = PBXResourcesBuildPhase;
			buildActionMask = 2147483647;
			files = (
				409562C42223F13B00A9290F /* Colors.xcassets in Resources */,
				409562B72223ED3900A9290F /* Gilroy-Bold.otf in Resources */,
				4095629B2223E2BC00A9290F /* LaunchScreen.storyboard in Resources */,
				409562B12223ED3900A9290F /* Gilroy-Heavy.otf in Resources */,
				409562E02223FA4000A9290F /* Assets.xcassets in Resources */,
				405505AE222428D100456FC8 /* OrderCell.xib in Resources */,
				409562B52223ED3900A9290F /* Gilroy-Thin.otf in Resources */,
				405B39C8224123DC00F4A8B0 /* Help.storyboard in Resources */,
				409562B62223ED3900A9290F /* Gilroy-SemiBold.otf in Resources */,
				409562B32223ED3900A9290F /* Gilroy-Regular.otf in Resources */,
				40980EF8222E83920076B340 /* OrderDetail.storyboard in Resources */,
				40980EFF222EA1110076B340 /* OrderDetailCell.xib in Resources */,
				409562B22223ED3900A9290F /* Gilroy-ExtraBold.otf in Resources */,
				40B4F502223A3424002F8CCE /* Localizable.strings in Resources */,
				409562B82223ED3900A9290F /* Gilroy-Light.otf in Resources */,
				40BAACF02226F3DE007C125A /* GoogleService-Info.plist in Resources */,
				409562B42223ED3900A9290F /* Gilroy-UltraLight.otf in Resources */,
				409562E622240BC400A9290F /* Menu.storyboard in Resources */,
				409562AF2223ED3900A9290F /* Gilroy-Medium.otf in Resources */,
				40C2BEC622267D4C00B1A550 /* MenuItems.storyboard in Resources */,
				409562A32223E44F00A9290F /* README.md in Resources */,
				409562962223E2B900A9290F /* Main.storyboard in Resources */,
				404D65292228003D00404AAC /* api.json in Resources */,
				409562B02223ED3900A9290F /* Gilroy-Black.otf in Resources */,
			);
			runOnlyForDeploymentPostprocessing = 0;
		};
/* End PBXResourcesBuildPhase section */

/* Begin PBXShellScriptBuildPhase section */
		132EDE90AF5B781E05A85A17 /* [CP] Check Pods Manifest.lock */ = {
			isa = PBXShellScriptBuildPhase;
			buildActionMask = 2147483647;
			files = (
			);
			inputFileListPaths = (
			);
			inputPaths = (
				"${PODS_PODFILE_DIR_PATH}/Podfile.lock",
				"${PODS_ROOT}/Manifest.lock",
			);
			name = "[CP] Check Pods Manifest.lock";
			outputFileListPaths = (
			);
			outputPaths = (
				"$(DERIVED_FILE_DIR)/Pods-iMoneh Driver-checkManifestLockResult.txt",
			);
			runOnlyForDeploymentPostprocessing = 0;
			shellPath = /bin/sh;
			shellScript = "diff \"${PODS_PODFILE_DIR_PATH}/Podfile.lock\" \"${PODS_ROOT}/Manifest.lock\" > /dev/null\nif [ $? != 0 ] ; then\n    # print error to STDERR\n    echo \"error: The sandbox is not in sync with the Podfile.lock. Run 'pod install' or update your CocoaPods installation.\" >&2\n    exit 1\nfi\n# This output is used by Xcode 'outputs' to avoid re-running this script phase.\necho \"SUCCESS\" > \"${SCRIPT_OUTPUT_FILE_0}\"\n";
			showEnvVarsInLog = 0;
		};
		3F32F66AE38E641B54779AA5 /* [CP] Copy Pods Resources */ = {
			isa = PBXShellScriptBuildPhase;
			buildActionMask = 2147483647;
			files = (
			);
			inputFileListPaths = (
				"${PODS_ROOT}/Target Support Files/Pods-iMoneh Driver/Pods-iMoneh Driver-resources-${CONFIGURATION}-input-files.xcfilelist",
			);
			name = "[CP] Copy Pods Resources";
			outputFileListPaths = (
				"${PODS_ROOT}/Target Support Files/Pods-iMoneh Driver/Pods-iMoneh Driver-resources-${CONFIGURATION}-output-files.xcfilelist",
			);
			runOnlyForDeploymentPostprocessing = 0;
			shellPath = /bin/sh;
			shellScript = "\"${PODS_ROOT}/Target Support Files/Pods-iMoneh Driver/Pods-iMoneh Driver-resources.sh\"\n";
			showEnvVarsInLog = 0;
		};
		B0309BE85AB76CFF50D0943D /* [CP] Embed Pods Frameworks */ = {
			isa = PBXShellScriptBuildPhase;
			buildActionMask = 2147483647;
			files = (
			);
			inputFileListPaths = (
				"${PODS_ROOT}/Target Support Files/Pods-iMoneh Driver/Pods-iMoneh Driver-frameworks-${CONFIGURATION}-input-files.xcfilelist",
			);
			name = "[CP] Embed Pods Frameworks";
			outputFileListPaths = (
				"${PODS_ROOT}/Target Support Files/Pods-iMoneh Driver/Pods-iMoneh Driver-frameworks-${CONFIGURATION}-output-files.xcfilelist",
			);
			runOnlyForDeploymentPostprocessing = 0;
			shellPath = /bin/sh;
			shellScript = "\"${PODS_ROOT}/Target Support Files/Pods-iMoneh Driver/Pods-iMoneh Driver-frameworks.sh\"\n";
			showEnvVarsInLog = 0;
		};
/* End PBXShellScriptBuildPhase section */

/* Begin PBXSourcesBuildPhase section */
		409562892223E2B900A9290F /* Sources */ = {
			isa = PBXSourcesBuildPhase;
			buildActionMask = 2147483647;
			files = (
				405B39D02241240700F4A8B0 /* HelpVC.swift in Sources */,
				409562C02223F0CB00A9290F /* AppConstant.swift in Sources */,
				853B12BC23AA05DE007D3400 /* OrderCancelCell.swift in Sources */,
				40D86079226861080090C054 /* NewOrderDetailVC.swift in Sources */,
				409562EB22240C2100A9290F /* RootViewController.swift in Sources */,
				4049DA412231065D000E3B55 /* YPDrawSignatureView.swift in Sources */,
				405B39D22241240700F4A8B0 /* TermVC.swift in Sources */,
				40980F01222EAB0C0076B340 /* OrderTemoMod.swift in Sources */,
				40269B5A22572C7400AAE219 /* CityAreaVC.swift in Sources */,
				409562DC2223F82100A9290F /* Singleton.swift in Sources */,
				405505A4222418F200456FC8 /* HomeVC.swift in Sources */,
				409562DA2223F7DF00A9290F /* ApiUrlFactory.swift in Sources */,
				4029E711222981200074492C /* RatingVC.swift in Sources */,
				40D4A1342269966C009E6C24 /* AssignDetailVC.swift in Sources */,
				853B12BA23AA05B7007D3400 /* OrderCancelVC.swift in Sources */,
				404D65222227D26100404AAC /* ResetPassVC.swift in Sources */,
				405B39D62241240700F4A8B0 /* AboutUsVC.swift in Sources */,
				405505A622241FC800456FC8 /* NewVC.swift in Sources */,
				40980EF3222E7DE50076B340 /* ShareVC.swift in Sources */,
				404D651F2227CCC500404AAC /* ForgotPassVC.swift in Sources */,
				409562DE2223F85000A9290F /* DialCodeVC.swift in Sources */,
				40C2BEC922267F4C00B1A550 /* MyProfileVC.swift in Sources */,
				409562EA22240C2100A9290F /* LeftMenuVC.swift in Sources */,
				405B39D52241240700F4A8B0 /* PaymentVC.swift in Sources */,
				40980EFE222EA1110076B340 /* OrderDetailCell.swift in Sources */,
				409562C82223F2D000A9290F /* BasicUtility.swift in Sources */,
				40CA015F22282AB5000A19DE /* NotVC.swift in Sources */,
				40CA015B22282A8F000A19DE /* NotMod.swift in Sources */,
				409562D12223F67A00A9290F /* Reg.swift in Sources */,
				405B39D12241240700F4A8B0 /* FeedBackVC.swift in Sources */,
				4029E715222985B00074492C /* RatingCell.swift in Sources */,
				409562CA2223F32400A9290F /* Extension.swift in Sources */,
				409562D82223F79D00A9290F /* DashBoardModels.swift in Sources */,
				40E11AC32240E48A00CFC1CA /* Localizable.swift in Sources */,
				40CA015D22282AA6000A19DE /* NotCell.swift in Sources */,
				405505AD222428D100456FC8 /* OrderCell.swift in Sources */,
				4041B6A3226EEF3A00595BA4 /* ViewOrderItemsVC.swift in Sources */,
				409562C62223F2C000A9290F /* AppFont.swift in Sources */,
				405505AA22241FE800456FC8 /* CompletedVC.swift in Sources */,
				405B39D32241240700F4A8B0 /* FAQVC.swift in Sources */,
				404D65232227D26100404AAC /* VerfiyOTP.swift in Sources */,
				409562932223E2B900A9290F /* ViewController.swift in Sources */,
				409562D22223F67A00A9290F /* Login.swift in Sources */,
				405B39D42241240700F4A8B0 /* ContactUs.swift in Sources */,
				409562D62223F76300A9290F /* FloatingLabelTextField.swift in Sources */,
				404D65272227FBFB00404AAC /* Home.swift in Sources */,
				409562C12223F0CB00A9290F /* Validation.swift in Sources */,
				409562912223E2B900A9290F /* AppDelegate.swift in Sources */,
				40980EF6222E83590076B340 /* CompDetailVC.swift in Sources */,
				409562D52223F76300A9290F /* Keychain.swift in Sources */,
				405505A822241FD900456FC8 /* AssignVC.swift in Sources */,
				4049DA3F2230FEF0000E3B55 /* PickUpConformation.swift in Sources */,
				40980EE9222E65F40076B340 /* RatingMod.swift in Sources */,
			);
			runOnlyForDeploymentPostprocessing = 0;
		};
/* End PBXSourcesBuildPhase section */

/* Begin PBXVariantGroup section */
		409562942223E2B900A9290F /* Main.storyboard */ = {
			isa = PBXVariantGroup;
			children = (
				409562952223E2B900A9290F /* Base */,
			);
			name = Main.storyboard;
			sourceTree = "<group>";
		};
		409562992223E2BC00A9290F /* LaunchScreen.storyboard */ = {
			isa = PBXVariantGroup;
			children = (
				4095629A2223E2BC00A9290F /* Base */,
			);
			name = LaunchScreen.storyboard;
			sourceTree = "<group>";
		};
		40B4F504223A3424002F8CCE /* Localizable.strings */ = {
			isa = PBXVariantGroup;
			children = (
				40B4F505223A3437002F8CCE /* ar */,
				40DFD0F622413F210003F7E4 /* en */,
			);
			name = Localizable.strings;
			sourceTree = "<group>";
		};
/* End PBXVariantGroup section */

/* Begin XCBuildConfiguration section */
		4095629D2223E2BC00A9290F /* Debug */ = {
			isa = XCBuildConfiguration;
			buildSettings = {
				ALWAYS_SEARCH_USER_PATHS = NO;
				CLANG_ANALYZER_LOCALIZABILITY_NONLOCALIZED = YES;
				CLANG_ANALYZER_NONNULL = YES;
				CLANG_ANALYZER_NUMBER_OBJECT_CONVERSION = YES_AGGRESSIVE;
				CLANG_CXX_LANGUAGE_STANDARD = "gnu++14";
				CLANG_CXX_LIBRARY = "libc++";
				CLANG_ENABLE_MODULES = YES;
				CLANG_ENABLE_OBJC_ARC = YES;
				CLANG_ENABLE_OBJC_WEAK = YES;
				CLANG_WARN_BLOCK_CAPTURE_AUTORELEASING = YES;
				CLANG_WARN_BOOL_CONVERSION = YES;
				CLANG_WARN_COMMA = YES;
				CLANG_WARN_CONSTANT_CONVERSION = YES;
				CLANG_WARN_DEPRECATED_OBJC_IMPLEMENTATIONS = YES;
				CLANG_WARN_DIRECT_OBJC_ISA_USAGE = YES_ERROR;
				CLANG_WARN_DOCUMENTATION_COMMENTS = YES;
				CLANG_WARN_EMPTY_BODY = YES;
				CLANG_WARN_ENUM_CONVERSION = YES;
				CLANG_WARN_INFINITE_RECURSION = YES;
				CLANG_WARN_INT_CONVERSION = YES;
				CLANG_WARN_NON_LITERAL_NULL_CONVERSION = YES;
				CLANG_WARN_OBJC_IMPLICIT_RETAIN_SELF = YES;
				CLANG_WARN_OBJC_LITERAL_CONVERSION = YES;
				CLANG_WARN_OBJC_ROOT_CLASS = YES_ERROR;
				CLANG_WARN_RANGE_LOOP_ANALYSIS = YES;
				CLANG_WARN_STRICT_PROTOTYPES = YES;
				CLANG_WARN_SUSPICIOUS_MOVE = YES;
				CLANG_WARN_UNGUARDED_AVAILABILITY = YES_AGGRESSIVE;
				CLANG_WARN_UNREACHABLE_CODE = YES;
				CLANG_WARN__DUPLICATE_METHOD_MATCH = YES;
				CODE_SIGN_IDENTITY = "iPhone Developer";
				COPY_PHASE_STRIP = NO;
				DEBUG_INFORMATION_FORMAT = dwarf;
				ENABLE_STRICT_OBJC_MSGSEND = YES;
				ENABLE_TESTABILITY = YES;
				GCC_C_LANGUAGE_STANDARD = gnu11;
				GCC_DYNAMIC_NO_PIC = NO;
				GCC_NO_COMMON_BLOCKS = YES;
				GCC_OPTIMIZATION_LEVEL = 0;
				GCC_PREPROCESSOR_DEFINITIONS = (
					"DEBUG=1",
					"$(inherited)",
				);
				GCC_WARN_64_TO_32_BIT_CONVERSION = YES;
				GCC_WARN_ABOUT_RETURN_TYPE = YES_ERROR;
				GCC_WARN_UNDECLARED_SELECTOR = YES;
				GCC_WARN_UNINITIALIZED_AUTOS = YES_AGGRESSIVE;
				GCC_WARN_UNUSED_FUNCTION = YES;
				GCC_WARN_UNUSED_VARIABLE = YES;
				IPHONEOS_DEPLOYMENT_TARGET = 11.0;
				MTL_ENABLE_DEBUG_INFO = INCLUDE_SOURCE;
				MTL_FAST_MATH = YES;
				ONLY_ACTIVE_ARCH = YES;
				SDKROOT = iphoneos;
				SWIFT_ACTIVE_COMPILATION_CONDITIONS = DEBUG;
				SWIFT_OPTIMIZATION_LEVEL = "-Onone";
			};
			name = Debug;
		};
		4095629E2223E2BC00A9290F /* Release */ = {
			isa = XCBuildConfiguration;
			buildSettings = {
				ALWAYS_SEARCH_USER_PATHS = NO;
				CLANG_ANALYZER_LOCALIZABILITY_NONLOCALIZED = YES;
				CLANG_ANALYZER_NONNULL = YES;
				CLANG_ANALYZER_NUMBER_OBJECT_CONVERSION = YES_AGGRESSIVE;
				CLANG_CXX_LANGUAGE_STANDARD = "gnu++14";
				CLANG_CXX_LIBRARY = "libc++";
				CLANG_ENABLE_MODULES = YES;
				CLANG_ENABLE_OBJC_ARC = YES;
				CLANG_ENABLE_OBJC_WEAK = YES;
				CLANG_WARN_BLOCK_CAPTURE_AUTORELEASING = YES;
				CLANG_WARN_BOOL_CONVERSION = YES;
				CLANG_WARN_COMMA = YES;
				CLANG_WARN_CONSTANT_CONVERSION = YES;
				CLANG_WARN_DEPRECATED_OBJC_IMPLEMENTATIONS = YES;
				CLANG_WARN_DIRECT_OBJC_ISA_USAGE = YES_ERROR;
				CLANG_WARN_DOCUMENTATION_COMMENTS = YES;
				CLANG_WARN_EMPTY_BODY = YES;
				CLANG_WARN_ENUM_CONVERSION = YES;
				CLANG_WARN_INFINITE_RECURSION = YES;
				CLANG_WARN_INT_CONVERSION = YES;
				CLANG_WARN_NON_LITERAL_NULL_CONVERSION = YES;
				CLANG_WARN_OBJC_IMPLICIT_RETAIN_SELF = YES;
				CLANG_WARN_OBJC_LITERAL_CONVERSION = YES;
				CLANG_WARN_OBJC_ROOT_CLASS = YES_ERROR;
				CLANG_WARN_RANGE_LOOP_ANALYSIS = YES;
				CLANG_WARN_STRICT_PROTOTYPES = YES;
				CLANG_WARN_SUSPICIOUS_MOVE = YES;
				CLANG_WARN_UNGUARDED_AVAILABILITY = YES_AGGRESSIVE;
				CLANG_WARN_UNREACHABLE_CODE = YES;
				CLANG_WARN__DUPLICATE_METHOD_MATCH = YES;
				CODE_SIGN_IDENTITY = "iPhone Developer";
				COPY_PHASE_STRIP = NO;
				DEBUG_INFORMATION_FORMAT = "dwarf-with-dsym";
				ENABLE_NS_ASSERTIONS = NO;
				ENABLE_STRICT_OBJC_MSGSEND = YES;
				GCC_C_LANGUAGE_STANDARD = gnu11;
				GCC_NO_COMMON_BLOCKS = YES;
				GCC_WARN_64_TO_32_BIT_CONVERSION = YES;
				GCC_WARN_ABOUT_RETURN_TYPE = YES_ERROR;
				GCC_WARN_UNDECLARED_SELECTOR = YES;
				GCC_WARN_UNINITIALIZED_AUTOS = YES_AGGRESSIVE;
				GCC_WARN_UNUSED_FUNCTION = YES;
				GCC_WARN_UNUSED_VARIABLE = YES;
				IPHONEOS_DEPLOYMENT_TARGET = 11.0;
				MTL_ENABLE_DEBUG_INFO = NO;
				MTL_FAST_MATH = YES;
				SDKROOT = iphoneos;
				SWIFT_COMPILATION_MODE = wholemodule;
				SWIFT_OPTIMIZATION_LEVEL = "-O";
				VALIDATE_PRODUCT = YES;
			};
			name = Release;
		};
		409562A02223E2BC00A9290F /* Debug */ = {
			isa = XCBuildConfiguration;
			baseConfigurationReference = 242EFE77D1285D0F56B44AB8 /* Pods-iMoneh Driver.debug.xcconfig */;
			buildSettings = {
				ASSETCATALOG_COMPILER_APPICON_NAME = AppIcon;
				CODE_SIGN_ENTITLEMENTS = "iMoneh Driver/iMoneh Driver.entitlements";
				CODE_SIGN_IDENTITY = "iPhone Developer";
				CODE_SIGN_STYLE = Automatic;
				DEVELOPMENT_TEAM = RPK4XC758S;
				INFOPLIST_FILE = "iMoneh Driver/Info.plist";
				IPHONEOS_DEPLOYMENT_TARGET = 11.0;
				LD_RUNPATH_SEARCH_PATHS = (
					"$(inherited)",
					"@executable_path/Frameworks",
				);
				PRODUCT_BUNDLE_IDENTIFIER = com.wm.imdriver;
				PRODUCT_NAME = "$(TARGET_NAME)";
				PROVISIONING_PROFILE_SPECIFIER = "";
				SWIFT_VERSION = 4.2;
				TARGETED_DEVICE_FAMILY = 1;
			};
			name = Debug;
		};
		409562A12223E2BC00A9290F /* Release */ = {
			isa = XCBuildConfiguration;
			baseConfigurationReference = 73521ABF6AC15FCE589F345B /* Pods-iMoneh Driver.release.xcconfig */;
			buildSettings = {
				ASSETCATALOG_COMPILER_APPICON_NAME = AppIcon;
				CODE_SIGN_ENTITLEMENTS = "iMoneh Driver/iMoneh Driver.entitlements";
				CODE_SIGN_IDENTITY = "iPhone Developer";
				CODE_SIGN_STYLE = Automatic;
				DEVELOPMENT_TEAM = RPK4XC758S;
				INFOPLIST_FILE = "iMoneh Driver/Info.plist";
				IPHONEOS_DEPLOYMENT_TARGET = 11.0;
				LD_RUNPATH_SEARCH_PATHS = (
					"$(inherited)",
					"@executable_path/Frameworks",
				);
				PRODUCT_BUNDLE_IDENTIFIER = com.wm.imdriver;
				PRODUCT_NAME = "$(TARGET_NAME)";
				PROVISIONING_PROFILE_SPECIFIER = "";
				SWIFT_VERSION = 4.2;
				TARGETED_DEVICE_FAMILY = 1;
			};
			name = Release;
		};
/* End XCBuildConfiguration section */

/* Begin XCConfigurationList section */
		409562882223E2B900A9290F /* Build configuration list for PBXProject "iMoneh Driver" */ = {
			isa = XCConfigurationList;
			buildConfigurations = (
				4095629D2223E2BC00A9290F /* Debug */,
				4095629E2223E2BC00A9290F /* Release */,
			);
			defaultConfigurationIsVisible = 0;
			defaultConfigurationName = Release;
		};
		4095629F2223E2BC00A9290F /* Build configuration list for PBXNativeTarget "iMoneh Driver" */ = {
			isa = XCConfigurationList;
			buildConfigurations = (
				409562A02223E2BC00A9290F /* Debug */,
				409562A12223E2BC00A9290F /* Release */,
			);
			defaultConfigurationIsVisible = 0;
			defaultConfigurationName = Release;
		};
/* End XCConfigurationList section */
	};
	rootObject = 409562852223E2B900A9290F /* Project object */;
}
